# This file is autogenerated, do not edit; changes may be undone by the next 'dep ensure'.


[[projects]]
  branch = "master"
  digest = "1:91dc33da5abcf542dd61ab9dae6fd800b7dca84595d0dd14d7b7c11926cbdf9a"
  name = "github.com/Al2Klimov/go-gen-source-repos"
  packages = ["."]
  pruneopts = "UT"
  revision = "ed8c49be1cc795dcbfb1be2c95514aa304461ab2"

[[projects]]
  branch = "master"
  digest = "1:f2d67dd2881d7205c260cf819ee76c7026fc9e7e970c623db479164e8948dd2f"
  name = "github.com/Al2Klimov/go-pretty-print"
  packages = ["."]
  pruneopts = "UT"
  revision = "508c8cfc87b9682dced97aa0d7698b6f95a9b67c"

[[projects]]
  digest = "1:2d8307a7345570ece92d85e80f17c9de719fa44a11f5ccd828ab2bb4a328314c"
  name = "github.com/go-ini/ini"
  packages = ["."]
  pruneopts = "UT"
  revision = "700781759788472518f4ea52321519b066061a7b"
  version = "v1.48.0"

[[projects]]
  digest = "1:31e761d97c76151dde79e9d28964a812c46efc5baee4085b86f68f0c654450de"
  name = "github.com/konsorten/go-windows-terminal-sequences"
  packages = ["."]
  pruneopts = "UT"
  revision = "f55edac94c9bbba5d6182a4be46d86a2c9b5b50e"
  version = "v1.0.2"

[[projects]]
  branch = "master"
  digest = "1:9d062c5435cb3e48876ad295079dc0232decbd8daf2db1e08259444a3d295066"
  name = "github.com/masif-upgrader/common"
  packages = ["."]
  pruneopts = "UT"
  revision = "9355066c84d676cacb4e71ee304f3544696f70b8"

[[projects]]
  digest = "1:04457f9f6f3ffc5fea48e71d62f2ca256637dee0a04d710288e27e05c8b41976"
  name = "github.com/sirupsen/logrus"
  packages = ["."]
  pruneopts = "UT"
  revision = "839c75faf7f98a33d445d181f3018b5c3409a45e"
  version = "v1.4.2"

[[projects]]
  branch = "master"
  digest = "1:bbe51412d9915d64ffaa96b51d409e070665efc5194fcf145c4a27d4133107a4"
  name = "golang.org/x/crypto"
  packages = ["ssh/terminal"]
  pruneopts = "UT"
  revision = "34f69633bfdcf9db92f698f8487115767eebef81"

[[projects]]
  branch = "master"
  digest = "1:10887f847dc465a700af18112e74c74c14826635afd18f7f96e5cb1dc3554825"
  name = "golang.org/x/sys"
  packages = [
    "unix",
    "windows",
  ]
  pruneopts = "UT"
  revision = "aed5e4c7ecf9f069775e08834fb724544628d38d"

[solve-meta]
  analyzer-name = "dep"
  analyzer-version = 1
  input-imports = [
    "github.com/Al2Klimov/go-gen-source-repos",
    "github.com/Al2Klimov/go-pretty-print",
    "github.com/go-ini/ini",
    "github.com/masif-upgrader/common",
    "github.com/sirupsen/logrus",
    "golang.org/x/crypto/ssh/terminal",
  ]
  solver-name = "gps-cdcl"
  solver-version = 1
